github.com/Hatch1fy/cron v0.1.1 h1:Dgdm2c4JVYPS5hxS3qH8QgZ2fZAHo9GQkVOBl3rbzmA=
github.com/Hatch1fy/cron v0.1.1/go.mod h1:ozAAsx1OeqvPGgg6tERA+MkQEwwpIZSyDvj2fKzNkhI=
github.com/Hatch1fy/errors v0.1.0 h1:O0eV+wlv/uF++/IQFxPaTVQOCHxzEXFFX0cMrIs8GSs=
github.com/Hatch1fy/errors v0.1.0/go.mod h1:ghvTU0wQ49AH7DcAfdKmWjBDjgEOoc1ltdPhDlGPz7w=
github.com/Hatch1fy/httpserve v0.1.2 h1:KvVSi1WWyC90nCxjOnkzYZOdU8clm0LPNJgOxFrJoiY=
github.com/Hatch1fy/httpserve v0.1.2/go.mod h1:SModWOvX2gkYRhKpvclmtdL40TH6NtfIkhK/6Leirto=
github.com/hatchify/colors v0.1.0 h1:EOU0mKjn7ScTR7vjWq/lknv1XQQoLlkm0Nk0XTLqoVA=
github.com/hatchify/colors v0.1.0/go.mod h1:t0952Ef1zDFMVTCkOwhrdJS9ToVWTdcJ3PWCHZADLuU=
github.com/hatchify/scribe v0.1.2 h1:Y5sLp5uYsavKoo5h8BaOX4we9mYpi0acgYPRt81ziNk=
github.com/hatchify/scribe v0.1.2/go.mod h1:5edr7Z5qp41ahKKgImyXBy1gn+evaSs5SuwQfY1r+eQ=
github.com/vroomy/plugins v0.1.8 h1:2mXMFvfc6Nl8Qg9/45oHwtqLeO80KwnQla8Pjawqx7g=
github.com/vroomy/plugins v0.1.8/go.mod h1:OlbcPKyE76JgWDSPEU09XDGlF2kCre3ln+cuUtW2Iyo=
